
Microsoft Visual Studio Solution File, Format Version 12.00
Project("{2150E333-8FDC-42A3-9474-1A3956D46DE8}") = "Session 1", "Session 1", "{F3A5792B-BCCF-46CA-8E9C-4847F614C82A}"
EndProject
Project("{FAE04EC0-301F-11D3-BF4B-00C04F79EFBC}") = "ABBA", "ABBA\ABBA.csproj", "{6FDEEECC-86DC-45EF-909C-771A513F2C1B}"
EndProject
Project("{FAE04EC0-301F-11D3-BF4B-00C04F79EFBC}") = "MathLib", "MathLib\MathLib.csproj", "{E498519B-AA83-414E-8929-9A0FD1F84633}"
EndProject
Project("{FAE04EC0-301F-11D3-BF4B-00C04F79EFBC}") = "S1_E1", "S1_E1\S1_E1.csproj", "{621624FB-96FC-485E-9DFC-69C8ED088C6D}"
EndProject
Project("{2150E333-8FDC-42A3-9474-1A3956D46DE8}") = "Session 2", "Session 2", "{DB51DCA2-EB6B-430E-ADF6-3234CE9C28D3}"
EndProject
Project("{FAE04EC0-301F-11D3-BF4B-00C04F79EFBC}") = "Identify the Palindromes", "Identify the Palindromes\Identify the Palindromes.csproj", "{FC082207-4661-4059-9E9A-3E81B8F4EE4A}"
EndProject
Project("{FAE04EC0-301F-11D3-BF4B-00C04F79EFBC}") = "Kth Largest Number", "Kth Largest Number\Kth Largest Number.csproj", "{D53FE8F3-E8AC-4035-B9D4-193680668835}"
EndProject
Project("{FAE04EC0-301F-11D3-BF4B-00C04F79EFBC}") = "Largest Product Series", "Largest Product Series\Largest Product Series.csproj", "{F9A7CF63-85A3-4E71-8E2A-97D28F1A9EB2}"
EndProject
Project("{FAE04EC0-301F-11D3-BF4B-00C04F79EFBC}") = "S2Ex1", "S2Ex1\S2Ex1.csproj", "{8678D0A7-1807-423E-98E2-7964B3525D23}"
EndProject
Project("{FAE04EC0-301F-11D3-BF4B-00C04F79EFBC}") = "S2Ex4", "S2Ex4\S2Ex4.csproj", "{0B971604-4963-4242-8CCD-2A34B8BA6A00}"
EndProject
Project("{FAE04EC0-301F-11D3-BF4B-00C04F79EFBC}") = "S2Ex5", "S2Ex5\S2Ex5.csproj", "{F40E504A-02D6-42D8-BC9B-0D1F89623CA6}"
EndProject
Project("{FAE04EC0-301F-11D3-BF4B-00C04F79EFBC}") = "S2Ex6", "S2Ex6\S2Ex6.csproj", "{3241D9DF-6881-40A8-B0D2-190488710366}"
EndProject
Project("{FAE04EC0-301F-11D3-BF4B-00C04F79EFBC}") = "Sums and Question Mark", "Sums and Question Mark\Sums and Question Mark.csproj", "{F9327887-1DD2-4522-9DCD-D55661760E5A}"
EndProject
Project("{2150E333-8FDC-42A3-9474-1A3956D46DE8}") = "Session 3", "Session 3", "{85DC2578-96B4-4DAC-8E6D-F7C33FF1FA5D}"
EndProject
Project("{2150E333-8FDC-42A3-9474-1A3956D46DE8}") = "S3Ex3", "S3Ex3", "{36E33AB3-4A3A-4388-BC47-B0EA463DE4A8}"
EndProject
Project("{FAE04EC0-301F-11D3-BF4B-00C04F79EFBC}") = "S3Ex3Client", "S3Ex3Client\S3Ex3Client.csproj", "{5E29BCDE-C0F7-4D9D-BD9F-9E85FE18DCE2}"
EndProject
Project("{FAE04EC0-301F-11D3-BF4B-00C04F79EFBC}") = "S3Ex3Server", "S3Ex3Server\S3Ex3Server.csproj", "{FDE34FF3-F96B-4892-B2F2-A3BA7BE402BB}"
EndProject
Project("{FAE04EC0-301F-11D3-BF4B-00C04F79EFBC}") = "Shared", "Shared\Shared.csproj", "{37E5DAFE-2FCD-4799-9BE7-2728FB0E3D8F}"
EndProject
Project("{FAE04EC0-301F-11D3-BF4B-00C04F79EFBC}") = "S3Ex1", "S3Ex1\S3Ex1.csproj", "{2266DA9D-EFC5-4ECE-9CBF-A9B88F107E11}"
EndProject
Project("{2150E333-8FDC-42A3-9474-1A3956D46DE8}") = "Session 4", "Session 4", "{51F45146-2460-4076-B0EA-AF4EDA515719}"
EndProject
Project("{FAE04EC0-301F-11D3-BF4B-00C04F79EFBC}") = "DefaultBlazor", "DefaultBlazor\DefaultBlazor.csproj", "{EF849ACF-559E-49D7-8740-1513163B6465}"
EndProject
Project("{FAE04EC0-301F-11D3-BF4B-00C04F79EFBC}") = "BakeryTutorial", "BakeryTutorial\BakeryTutorial.csproj", "{11960BEC-8B4D-45ED-A61C-51952BF99FA2}"
EndProject
Project("{2150E333-8FDC-42A3-9474-1A3956D46DE8}") = "Session 5", "Session 5", "{40AEC05D-CECC-4358-8F27-3B6CA4D27598}"
EndProject
Project("{FAE04EC0-301F-11D3-BF4B-00C04F79EFBC}") = "Authentication", "Authentication\Authentication.csproj", "{99B33840-3853-4946-80CB-C8A1459571B5}"
EndProject
Project("{2150E333-8FDC-42A3-9474-1A3956D46DE8}") = "Session 9", "Session 9", "{DA37081F-CB20-4F25-AE39-673A3524F221}"
EndProject
Project("{FAE04EC0-301F-11D3-BF4B-00C04F79EFBC}") = "Library", "Library\Library.csproj", "{679E0204-D08C-464F-B9E2-30D154243509}"
EndProject
Global
	GlobalSection(SolutionConfigurationPlatforms) = preSolution
		Debug|Any CPU = Debug|Any CPU
		Release|Any CPU = Release|Any CPU
	EndGlobalSection
	GlobalSection(ProjectConfigurationPlatforms) = postSolution
		{6FDEEECC-86DC-45EF-909C-771A513F2C1B}.Debug|Any CPU.ActiveCfg = Debug|Any CPU
		{6FDEEECC-86DC-45EF-909C-771A513F2C1B}.Debug|Any CPU.Build.0 = Debug|Any CPU
		{6FDEEECC-86DC-45EF-909C-771A513F2C1B}.Release|Any CPU.ActiveCfg = Release|Any CPU
		{6FDEEECC-86DC-45EF-909C-771A513F2C1B}.Release|Any CPU.Build.0 = Release|Any CPU
		{E498519B-AA83-414E-8929-9A0FD1F84633}.Debug|Any CPU.ActiveCfg = Debug|Any CPU
		{E498519B-AA83-414E-8929-9A0FD1F84633}.Debug|Any CPU.Build.0 = Debug|Any CPU
		{E498519B-AA83-414E-8929-9A0FD1F84633}.Release|Any CPU.ActiveCfg = Release|Any CPU
		{E498519B-AA83-414E-8929-9A0FD1F84633}.Release|Any CPU.Build.0 = Release|Any CPU
		{621624FB-96FC-485E-9DFC-69C8ED088C6D}.Debug|Any CPU.ActiveCfg = Debug|Any CPU
		{621624FB-96FC-485E-9DFC-69C8ED088C6D}.Debug|Any CPU.Build.0 = Debug|Any CPU
		{621624FB-96FC-485E-9DFC-69C8ED088C6D}.Release|Any CPU.ActiveCfg = Release|Any CPU
		{621624FB-96FC-485E-9DFC-69C8ED088C6D}.Release|Any CPU.Build.0 = Release|Any CPU
		{FC082207-4661-4059-9E9A-3E81B8F4EE4A}.Debug|Any CPU.ActiveCfg = Debug|Any CPU
		{FC082207-4661-4059-9E9A-3E81B8F4EE4A}.Debug|Any CPU.Build.0 = Debug|Any CPU
		{FC082207-4661-4059-9E9A-3E81B8F4EE4A}.Release|Any CPU.ActiveCfg = Release|Any CPU
		{FC082207-4661-4059-9E9A-3E81B8F4EE4A}.Release|Any CPU.Build.0 = Release|Any CPU
		{D53FE8F3-E8AC-4035-B9D4-193680668835}.Debug|Any CPU.ActiveCfg = Debug|Any CPU
		{D53FE8F3-E8AC-4035-B9D4-193680668835}.Debug|Any CPU.Build.0 = Debug|Any CPU
		{D53FE8F3-E8AC-4035-B9D4-193680668835}.Release|Any CPU.ActiveCfg = Release|Any CPU
		{D53FE8F3-E8AC-4035-B9D4-193680668835}.Release|Any CPU.Build.0 = Release|Any CPU
		{F9A7CF63-85A3-4E71-8E2A-97D28F1A9EB2}.Debug|Any CPU.ActiveCfg = Debug|Any CPU
		{F9A7CF63-85A3-4E71-8E2A-97D28F1A9EB2}.Debug|Any CPU.Build.0 = Debug|Any CPU
		{F9A7CF63-85A3-4E71-8E2A-97D28F1A9EB2}.Release|Any CPU.ActiveCfg = Release|Any CPU
		{F9A7CF63-85A3-4E71-8E2A-97D28F1A9EB2}.Release|Any CPU.Build.0 = Release|Any CPU
		{8678D0A7-1807-423E-98E2-7964B3525D23}.Debug|Any CPU.ActiveCfg = Debug|Any CPU
		{8678D0A7-1807-423E-98E2-7964B3525D23}.Debug|Any CPU.Build.0 = Debug|Any CPU
		{8678D0A7-1807-423E-98E2-7964B3525D23}.Release|Any CPU.ActiveCfg = Release|Any CPU
		{8678D0A7-1807-423E-98E2-7964B3525D23}.Release|Any CPU.Build.0 = Release|Any CPU
		{0B971604-4963-4242-8CCD-2A34B8BA6A00}.Debug|Any CPU.ActiveCfg = Debug|Any CPU
		{0B971604-4963-4242-8CCD-2A34B8BA6A00}.Debug|Any CPU.Build.0 = Debug|Any CPU
		{0B971604-4963-4242-8CCD-2A34B8BA6A00}.Release|Any CPU.ActiveCfg = Release|Any CPU
		{0B971604-4963-4242-8CCD-2A34B8BA6A00}.Release|Any CPU.Build.0 = Release|Any CPU
		{F40E504A-02D6-42D8-BC9B-0D1F89623CA6}.Debug|Any CPU.ActiveCfg = Debug|Any CPU
		{F40E504A-02D6-42D8-BC9B-0D1F89623CA6}.Debug|Any CPU.Build.0 = Debug|Any CPU
		{F40E504A-02D6-42D8-BC9B-0D1F89623CA6}.Release|Any CPU.ActiveCfg = Release|Any CPU
		{F40E504A-02D6-42D8-BC9B-0D1F89623CA6}.Release|Any CPU.Build.0 = Release|Any CPU
		{3241D9DF-6881-40A8-B0D2-190488710366}.Debug|Any CPU.ActiveCfg = Debug|Any CPU
		{3241D9DF-6881-40A8-B0D2-190488710366}.Debug|Any CPU.Build.0 = Debug|Any CPU
		{3241D9DF-6881-40A8-B0D2-190488710366}.Release|Any CPU.ActiveCfg = Release|Any CPU
		{3241D9DF-6881-40A8-B0D2-190488710366}.Release|Any CPU.Build.0 = Release|Any CPU
		{F9327887-1DD2-4522-9DCD-D55661760E5A}.Debug|Any CPU.ActiveCfg = Debug|Any CPU
		{F9327887-1DD2-4522-9DCD-D55661760E5A}.Debug|Any CPU.Build.0 = Debug|Any CPU
		{F9327887-1DD2-4522-9DCD-D55661760E5A}.Release|Any CPU.ActiveCfg = Release|Any CPU
		{F9327887-1DD2-4522-9DCD-D55661760E5A}.Release|Any CPU.Build.0 = Release|Any CPU
		{5E29BCDE-C0F7-4D9D-BD9F-9E85FE18DCE2}.Debug|Any CPU.ActiveCfg = Debug|Any CPU
		{5E29BCDE-C0F7-4D9D-BD9F-9E85FE18DCE2}.Debug|Any CPU.Build.0 = Debug|Any CPU
		{5E29BCDE-C0F7-4D9D-BD9F-9E85FE18DCE2}.Release|Any CPU.ActiveCfg = Release|Any CPU
		{5E29BCDE-C0F7-4D9D-BD9F-9E85FE18DCE2}.Release|Any CPU.Build.0 = Release|Any CPU
		{FDE34FF3-F96B-4892-B2F2-A3BA7BE402BB}.Debug|Any CPU.ActiveCfg = Debug|Any CPU
		{FDE34FF3-F96B-4892-B2F2-A3BA7BE402BB}.Debug|Any CPU.Build.0 = Debug|Any CPU
		{FDE34FF3-F96B-4892-B2F2-A3BA7BE402BB}.Release|Any CPU.ActiveCfg = Release|Any CPU
		{FDE34FF3-F96B-4892-B2F2-A3BA7BE402BB}.Release|Any CPU.Build.0 = Release|Any CPU
		{37E5DAFE-2FCD-4799-9BE7-2728FB0E3D8F}.Debug|Any CPU.ActiveCfg = Debug|Any CPU
		{37E5DAFE-2FCD-4799-9BE7-2728FB0E3D8F}.Debug|Any CPU.Build.0 = Debug|Any CPU
		{37E5DAFE-2FCD-4799-9BE7-2728FB0E3D8F}.Release|Any CPU.ActiveCfg = Release|Any CPU
		{37E5DAFE-2FCD-4799-9BE7-2728FB0E3D8F}.Release|Any CPU.Build.0 = Release|Any CPU
		{2266DA9D-EFC5-4ECE-9CBF-A9B88F107E11}.Debug|Any CPU.ActiveCfg = Debug|Any CPU
		{2266DA9D-EFC5-4ECE-9CBF-A9B88F107E11}.Debug|Any CPU.Build.0 = Debug|Any CPU
		{2266DA9D-EFC5-4ECE-9CBF-A9B88F107E11}.Release|Any CPU.ActiveCfg = Release|Any CPU
		{2266DA9D-EFC5-4ECE-9CBF-A9B88F107E11}.Release|Any CPU.Build.0 = Release|Any CPU
		{EF849ACF-559E-49D7-8740-1513163B6465}.Debug|Any CPU.ActiveCfg = Debug|Any CPU
		{EF849ACF-559E-49D7-8740-1513163B6465}.Debug|Any CPU.Build.0 = Debug|Any CPU
		{EF849ACF-559E-49D7-8740-1513163B6465}.Release|Any CPU.ActiveCfg = Release|Any CPU
		{EF849ACF-559E-49D7-8740-1513163B6465}.Release|Any CPU.Build.0 = Release|Any CPU
		{11960BEC-8B4D-45ED-A61C-51952BF99FA2}.Debug|Any CPU.ActiveCfg = Debug|Any CPU
		{11960BEC-8B4D-45ED-A61C-51952BF99FA2}.Debug|Any CPU.Build.0 = Debug|Any CPU
		{11960BEC-8B4D-45ED-A61C-51952BF99FA2}.Release|Any CPU.ActiveCfg = Release|Any CPU
		{11960BEC-8B4D-45ED-A61C-51952BF99FA2}.Release|Any CPU.Build.0 = Release|Any CPU
		{99B33840-3853-4946-80CB-C8A1459571B5}.Debug|Any CPU.ActiveCfg = Debug|Any CPU
		{99B33840-3853-4946-80CB-C8A1459571B5}.Debug|Any CPU.Build.0 = Debug|Any CPU
		{99B33840-3853-4946-80CB-C8A1459571B5}.Release|Any CPU.ActiveCfg = Release|Any CPU
		{99B33840-3853-4946-80CB-C8A1459571B5}.Release|Any CPU.Build.0 = Release|Any CPU
		{679E0204-D08C-464F-B9E2-30D154243509}.Debug|Any CPU.ActiveCfg = Debug|Any CPU
		{679E0204-D08C-464F-B9E2-30D154243509}.Debug|Any CPU.Build.0 = Debug|Any CPU
		{679E0204-D08C-464F-B9E2-30D154243509}.Release|Any CPU.ActiveCfg = Release|Any CPU
		{679E0204-D08C-464F-B9E2-30D154243509}.Release|Any CPU.Build.0 = Release|Any CPU
	EndGlobalSection
	GlobalSection(NestedProjects) = preSolution
		{6FDEEECC-86DC-45EF-909C-771A513F2C1B} = {F3A5792B-BCCF-46CA-8E9C-4847F614C82A}
		{E498519B-AA83-414E-8929-9A0FD1F84633} = {F3A5792B-BCCF-46CA-8E9C-4847F614C82A}
		{621624FB-96FC-485E-9DFC-69C8ED088C6D} = {F3A5792B-BCCF-46CA-8E9C-4847F614C82A}
		{FC082207-4661-4059-9E9A-3E81B8F4EE4A} = {DB51DCA2-EB6B-430E-ADF6-3234CE9C28D3}
		{D53FE8F3-E8AC-4035-B9D4-193680668835} = {DB51DCA2-EB6B-430E-ADF6-3234CE9C28D3}
		{F9A7CF63-85A3-4E71-8E2A-97D28F1A9EB2} = {DB51DCA2-EB6B-430E-ADF6-3234CE9C28D3}
		{8678D0A7-1807-423E-98E2-7964B3525D23} = {DB51DCA2-EB6B-430E-ADF6-3234CE9C28D3}
		{0B971604-4963-4242-8CCD-2A34B8BA6A00} = {DB51DCA2-EB6B-430E-ADF6-3234CE9C28D3}
		{F40E504A-02D6-42D8-BC9B-0D1F89623CA6} = {DB51DCA2-EB6B-430E-ADF6-3234CE9C28D3}
		{3241D9DF-6881-40A8-B0D2-190488710366} = {DB51DCA2-EB6B-430E-ADF6-3234CE9C28D3}
		{F9327887-1DD2-4522-9DCD-D55661760E5A} = {DB51DCA2-EB6B-430E-ADF6-3234CE9C28D3}
		{36E33AB3-4A3A-4388-BC47-B0EA463DE4A8} = {85DC2578-96B4-4DAC-8E6D-F7C33FF1FA5D}
		{5E29BCDE-C0F7-4D9D-BD9F-9E85FE18DCE2} = {36E33AB3-4A3A-4388-BC47-B0EA463DE4A8}
		{FDE34FF3-F96B-4892-B2F2-A3BA7BE402BB} = {36E33AB3-4A3A-4388-BC47-B0EA463DE4A8}
		{37E5DAFE-2FCD-4799-9BE7-2728FB0E3D8F} = {36E33AB3-4A3A-4388-BC47-B0EA463DE4A8}
		{2266DA9D-EFC5-4ECE-9CBF-A9B88F107E11} = {85DC2578-96B4-4DAC-8E6D-F7C33FF1FA5D}
		{EF849ACF-559E-49D7-8740-1513163B6465} = {51F45146-2460-4076-B0EA-AF4EDA515719}
		{11960BEC-8B4D-45ED-A61C-51952BF99FA2} = {51F45146-2460-4076-B0EA-AF4EDA515719}
		{99B33840-3853-4946-80CB-C8A1459571B5} = {40AEC05D-CECC-4358-8F27-3B6CA4D27598}
		{679E0204-D08C-464F-B9E2-30D154243509} = {DA37081F-CB20-4F25-AE39-673A3524F221}
	EndGlobalSection
EndGlobal
